
Microsoft Visual Studio Solution File, Format Version 12.00
# Visual Studio Version 17
VisualStudioVersion = 17.7.34024.191
MinimumVisualStudioVersion = 10.0.40219.1
Project("{9A19103F-16F7-4668-BE54-9A1E7A4F7556}") = "Gómez.Gastón.2C", "Gómez.Gastón.2C\Gómez.Gastón.2C.csproj", "{355BD56B-7DC7-436D-B976-DF47DF9A1D6B}"
EndProject
Project("{FAE04EC0-301F-11D3-BF4B-00C04F79EFBC}") = "Entidades", "Entidades\Entidades.csproj", "{DFF7F289-B39C-4B15-AF74-6FBEDA3288AF}"
EndProject
Global
	GlobalSection(SolutionConfigurationPlatforms) = preSolution
		Debug|Any CPU = Debug|Any CPU
		Release|Any CPU = Release|Any CPU
	EndGlobalSection
	GlobalSection(ProjectConfigurationPlatforms) = postSolution
		{355BD56B-7DC7-436D-B976-DF47DF9A1D6B}.Debug|Any CPU.ActiveCfg = Debug|Any CPU
		{355BD56B-7DC7-436D-B976-DF47DF9A1D6B}.Debug|Any CPU.Build.0 = Debug|Any CPU
		{355BD56B-7DC7-436D-B976-DF47DF9A1D6B}.Release|Any CPU.ActiveCfg = Release|Any CPU
		{355BD56B-7DC7-436D-B976-DF47DF9A1D6B}.Release|Any CPU.Build.0 = Release|Any CPU
		{DFF7F289-B39C-4B15-AF74-6FBEDA3288AF}.Debug|Any CPU.ActiveCfg = Debug|Any CPU
		{DFF7F289-B39C-4B15-AF74-6FBEDA3288AF}.Debug|Any CPU.Build.0 = Debug|Any CPU
		{DFF7F289-B39C-4B15-AF74-6FBEDA3288AF}.Release|Any CPU.ActiveCfg = Release|Any CPU
		{DFF7F289-B39C-4B15-AF74-6FBEDA3288AF}.Release|Any CPU.Build.0 = Release|Any CPU
	EndGlobalSection
	GlobalSection(SolutionProperties) = preSolution
		HideSolutionNode = FALSE
	EndGlobalSection
	GlobalSection(ExtensibilityGlobals) = postSolution
		SolutionGuid = {C8A7FB81-D5A2-40DB-BE04-E061A379EC91}
	EndGlobalSection
EndGlobal
